version: 1.0
shards:
  btcpow:
    github: cocol-project/btcpow
    commit: a0af626e3c789e2152663ec09724165d7308535c

  callback:
    github: drujensen/callback
    version: 0.7.1

  ccl-pos:
    github: cocol-project/ccl-pos
    commit: 878225d3ed4fca2ffa3c9f631bab4898ac20d747

  exception_page:
    github: crystal-loot/exception_page
    version: 0.1.2

  icr:
    github: crystal-community/icr
    commit: 08c1f60e2f4b3b1fa662e19fce27748d136e2808

  kemal:
    github: kemalcr/kemal
    version: 0.26.1

  kilt:
    github: jeromegn/kilt
    version: 0.4.0

  minitest:
    github: ysbaddaden/minitest.cr
    version: 0.5.0

  optarg:
    github: drujensen/optarg
    version: 0.7.0

  probfin:
    github: cocol-project/probfin
    version: 0.2.1

  radix:
    github: luislavena/radix
    version: 0.3.9

  readline:
    github: crystal-lang/crystal-readline
    commit: 0fb7d186da8e1b157998d98d1c96e99699b791eb

  string_inflection:
    github: mosop/string_inflection
    version: 0.2.1

