version: 1.0
shards:
  btcpow:
    github: cocol-project/btcpow
    commit: 5788113e29229044a06ed323e2fa921f803af40d

  callback:
    github: drujensen/callback
    version: 0.7.1

  exception_page:
    github: crystal-loot/exception_page
    version: 0.1.2

  icr:
    github: crystal-community/icr
    commit: 1719a1b32ca0be34e29efad84e8b5f6724aa1292

  kemal:
    github: kemalcr/kemal
    version: 0.26.0

  kilt:
    github: jeromegn/kilt
    version: 0.4.0

  minitest:
    github: ysbaddaden/minitest.cr
    version: 0.4.3

  optarg:
    github: drujensen/optarg
    version: 0.7.0

  popcorn:
    github: icyleaf/popcorn
    version: 0.2.2

  probfin:
    github: cocol-project/probfin
    commit: 1fb81042d28462368d4ff29112952ba9a7fb070c

  radix:
    github: luislavena/radix
    version: 0.3.9

  string_inflection:
    github: mosop/string_inflection
    version: 0.2.1

  totem:
    github: icyleaf/totem
    version: 0.5.2

