version: 1.0
shards:
  ccl-pos:
    github: cocol-project/ccl-pos
    commit: 23812ffb3550e76912e8e981606f67b6570779ab

  ccl-pow:
    github: cocol-project/ccl-pow
    commit: 4c41a9d97a8765167f8b4e570fbeeb48322a0bff

  clim:
    github: at-grandpa/clim
    version: 0.10.0

  exception_page:
    github: crystal-loot/exception_page
    version: 0.1.4

  kemal:
    github: kemalcr/kemal
    version: 0.26.1

  kilt:
    github: jeromegn/kilt
    version: 0.4.0

  minitest:
    github: ysbaddaden/minitest.cr
    version: 0.5.0

  popcorn:
    github: icyleaf/popcorn
    version: 0.2.2

  probfin:
    github: cocol-project/probfin
    version: 0.2.1

  radix:
    github: luislavena/radix
    version: 0.3.9

  secp256k1:
    github: q9f/secp256k1.cr
    version: 0.3.1

  sha3:
    github: OscarBarrett/crystal-sha3
    version: 0.3.2

  totem:
    github: icyleaf/totem
    version: 0.6.0

